// !$*UTF8*$!
{
	archiveVersion = 1;
	classes = {
	};
	objectVersion = 56;
	objects = {

/* Begin PBXBuildFile section */
		D60C64932FBEDBCE0072DC21 /* CheckoutFooterView.swift in Sources */ = {isa = PBXBuildFile; fileRef = D60C64922FBEDBCE0072DC21 /* CheckoutFooterView.swift */; };
		D64212632FBC6048007EA3A9 /* CartView.swift in Sources */ = {isa = PBXBuildFile; fileRef = D671E3972FBC5BF800BE4984 /* CartView.swift */; };
		D64212642FBC6052007EA3A9 /* PaymentGatewayView.swift in Sources */ = {isa = PBXBuildFile; fileRef = D671E39F2FBC5CB000BE4984 /* PaymentGatewayView.swift */; };
		D64212652FBC6059007EA3A9 /* AuthView.swift in Sources */ = {isa = PBXBuildFile; fileRef = D671E39B2FBC5C4A00BE4984 /* AuthView.swift */; };
		D64212662FBC605C007EA3A9 /* AdminSheetView.swift in Sources */ = {isa = PBXBuildFile; fileRef = D671E39D2FBC5C8300BE4984 /* AdminSheetView.swift */; };
		D64212672FBC605F007EA3A9 /* CustomTabBar.swift in Sources */ = {isa = PBXBuildFile; fileRef = D671E3A12FBC5CE200BE4984 /* CustomTabBar.swift */; };
		D64212682FBC6061007EA3A9 /* ProfileView.swift in Sources */ = {isa = PBXBuildFile; fileRef = D671E3992FBC5C2500BE4984 /* ProfileView.swift */; };
		D642126A2FBC61BB007EA3A9 /* LocalDatabaseManager.swift in Sources */ = {isa = PBXBuildFile; fileRef = D64212692FBC61BB007EA3A9 /* LocalDatabaseManager.swift */; };
		D671E3642FBC5AE300BE4984 /* NextecomgenApp.swift in Sources */ = {isa = PBXBuildFile; fileRef = D671E3632FBC5AE300BE4984 /* NextecomgenApp.swift */; };
		D671E3682FBC5AE600BE4984 /* Assets.xcassets in Resources */ = {isa = PBXBuildFile; fileRef = D671E3672FBC5AE600BE4984 /* Assets.xcassets */; };
		D671E36B2FBC5AE600BE4984 /* Preview Assets.xcassets in Resources */ = {isa = PBXBuildFile; fileRef = D671E36A2FBC5AE600BE4984 /* Preview Assets.xcassets */; };
		D671E3752FBC5AE600BE4984 /* NextecomgenTests.swift in Sources */ = {isa = PBXBuildFile; fileRef = D671E3742FBC5AE600BE4984 /* NextecomgenTests.swift */; };
		D671E37F2FBC5AE600BE4984 /* NextecomgenUITests.swift in Sources */ = {isa = PBXBuildFile; fileRef = D671E37E2FBC5AE600BE4984 /* NextecomgenUITests.swift */; };
		D671E3812FBC5AE600BE4984 /* NextecomgenUITestsLaunchTests.swift in Sources */ = {isa = PBXBuildFile; fileRef = D671E3802FBC5AE600BE4984 /* NextecomgenUITestsLaunchTests.swift */; };
		D671E38E2FBC5B0D00BE4984 /* Models.swift in Sources */ = {isa = PBXBuildFile; fileRef = D671E38D2FBC5B0D00BE4984 /* Models.swift */; };
		D671E3902FBC5B2B00BE4984 /* ThemeExtensions.swift in Sources */ = {isa = PBXBuildFile; fileRef = D671E38F2FBC5B2B00BE4984 /* ThemeExtensions.swift */; };
		D671E3922FBC5B4E00BE4984 /* CartItemCounter.swift in Sources */ = {isa = PBXBuildFile; fileRef = D671E3912FBC5B4E00BE4984 /* CartItemCounter.swift */; };
		D671E3942FBC5BB200BE4984 /* HomeView.swift in Sources */ = {isa = PBXBuildFile; fileRef = D671E3932FBC5BB200BE4984 /* HomeView.swift */; };
		D671E3962FBC5BD500BE4984 /* SearchView.swift in Sources */ = {isa = PBXBuildFile; fileRef = D671E3952FBC5BD500BE4984 /* SearchView.swift */; };
		D6EB56B02FC416230074C713 /* ContentView.swift in Sources */ = {isa = PBXBuildFile; fileRef = D6EB56AF2FC416230074C713 /* ContentView.swift */; };
/* End PBXBuildFile section */

/* Begin PBXContainerItemProxy section */
		D671E3712FBC5AE600BE4984 /* PBXContainerItemProxy */ = {
			isa = PBXContainerItemProxy;
			containerPortal = D671E3582FBC5AE300BE4984 /* Project object */;
			proxyType = 1;
			remoteGlobalIDString = D671E35F2FBC5AE300BE4984;
			remoteInfo = Nextecomgen;
		};
		D671E37B2FBC5AE600BE4984 /* PBXContainerItemProxy */ = {
			isa = PBXContainerItemProxy;
			containerPortal = D671E3582FBC5AE300BE4984 /* Project object */;
			proxyType = 1;
			remoteGlobalIDString = D671E35F2FBC5AE300BE4984;
			remoteInfo = Nextecomgen;
		};
/* End PBXContainerItemProxy section */

/* Begin PBXFileReference section */
		D60C64922FBEDBCE0072DC21 /* CheckoutFooterView.swift */ = {isa = PBXFileReference; lastKnownFileType = sourcecode.swift; path = CheckoutFooterView.swift; sourceTree = "<group>"; };
		D64212692FBC61BB007EA3A9 /* LocalDatabaseManager.swift */ = {isa = PBXFileReference; lastKnownFileType = sourcecode.swift; path = LocalDatabaseManager.swift; sourceTree = "<group>"; };
		D642126B2FBC647C007EA3A9 /* Info.plist */ = {isa = PBXFileReference; lastKnownFileType = text.plist; path = Info.plist; sourceTree = "<group>"; };
		D671E3602FBC5AE300BE4984 /* Nextecomgen.app */ = {isa = PBXFileReference; explicitFileType = wrapper.application; includeInIndex = 0; path = Nextecomgen.app; sourceTree = BUILT_PRODUCTS_DIR; };
		D671E3632FBC5AE300BE4984 /* NextecomgenApp.swift */ = {isa = PBXFileReference; lastKnownFileType = sourcecode.swift; path = NextecomgenApp.swift; sourceTree = "<group>"; };
		D671E3672FBC5AE600BE4984 /* Assets.xcassets */ = {isa = PBXFileReference; lastKnownFileType = folder.assetcatalog; path = Assets.xcassets; sourceTree = "<group>"; };
		D671E36A2FBC5AE600BE4984 /* Preview Assets.xcassets */ = {isa = PBXFileReference; lastKnownFileType = folder.assetcatalog; path = "Preview Assets.xcassets"; sourceTree = "<group>"; };
		D671E3702FBC5AE600BE4984 /* NextecomgenTests.xctest */ = {isa = PBXFileReference; explicitFileType = wrapper.cfbundle; includeInIndex = 0; path = NextecomgenTests.xctest; sourceTree = BUILT_PRODUCTS_DIR; };
		D671E3742FBC5AE600BE4984 /* NextecomgenTests.swift */ = {isa = PBXFileReference; lastKnownFileType = sourcecode.swift; path = NextecomgenTests.swift; sourceTree = "<group>"; };
		D671E37A2FBC5AE600BE4984 /* NextecomgenUITests.xctest */ = {isa = PBXFileReference; explicitFileType = wrapper.cfbundle; includeInIndex = 0; path = NextecomgenUITests.xctest; sourceTree = BUILT_PRODUCTS_DIR; };
		D671E37E2FBC5AE600BE4984 /* NextecomgenUITests.swift */ = {isa = PBXFileReference; lastKnownFileType = sourcecode.swift; path = NextecomgenUITests.swift; sourceTree = "<group>"; };
		D671E3802FBC5AE600BE4984 /* NextecomgenUITestsLaunchTests.swift */ = {isa = PBXFileReference; lastKnownFileType = sourcecode.swift; path = NextecomgenUITestsLaunchTests.swift; sourceTree = "<group>"; };
		D671E38D2FBC5B0D00BE4984 /* Models.swift */ = {isa = PBXFileReference; lastKnownFileType = sourcecode.swift; path = Models.swift; sourceTree = "<group>"; };
		D671E38F2FBC5B2B00BE4984 /* ThemeExtensions.swift */ = {isa = PBXFileReference; lastKnownFileType = sourcecode.swift; path = ThemeExtensions.swift; sourceTree = "<group>"; };
		D671E3912FBC5B4E00BE4984 /* CartItemCounter.swift */ = {isa = PBXFileReference; lastKnownFileType = sourcecode.swift; path = CartItemCounter.swift; sourceTree = "<group>"; };
		D671E3932FBC5BB200BE4984 /* HomeView.swift */ = {isa = PBXFileReference; lastKnownFileType = sourcecode.swift; path = HomeView.swift; sourceTree = "<group>"; };
		D671E3952FBC5BD500BE4984 /* SearchView.swift */ = {isa = PBXFileReference; lastKnownFileType = sourcecode.swift; path = SearchView.swift; sourceTree = "<group>"; };
		D671E3972FBC5BF800BE4984 /* CartView.swift */ = {isa = PBXFileReference; lastKnownFileType = sourcecode.swift; path = CartView.swift; sourceTree = "<group>"; };
		D671E3992FBC5C2500BE4984 /* ProfileView.swift */ = {isa = PBXFileReference; lastKnownFileType = sourcecode.swift; path = ProfileView.swift; sourceTree = "<group>"; };
		D671E39B2FBC5C4A00BE4984 /* AuthView.swift */ = {isa = PBXFileReference; lastKnownFileType = sourcecode.swift; path = AuthView.swift; sourceTree = "<group>"; };
		D671E39D2FBC5C8300BE4984 /* AdminSheetView.swift */ = {isa = PBXFileReference; lastKnownFileType = sourcecode.swift; path = AdminSheetView.swift; sourceTree = "<group>"; };
		D671E39F2FBC5CB000BE4984 /* PaymentGatewayView.swift */ = {isa = PBXFileReference; lastKnownFileType = sourcecode.swift; path = PaymentGatewayView.swift; sourceTree = "<group>"; };
		D671E3A12FBC5CE200BE4984 /* CustomTabBar.swift */ = {isa = PBXFileReference; lastKnownFileType = sourcecode.swift; path = CustomTabBar.swift; sourceTree = "<group>"; };
		D6EB56AF2FC416230074C713 /* ContentView.swift */ = {isa = PBXFileReference; lastKnownFileType = sourcecode.swift; path = ContentView.swift; sourceTree = "<group>"; };
/* End PBXFileReference section */

/* Begin PBXFrameworksBuildPhase section */
		D671E35D2FBC5AE300BE4984 /* Frameworks */ = {
			isa = PBXFrameworksBuildPhase;
			buildActionMask = 2147483647;
			files = (
			);
			runOnlyForDeploymentPostprocessing = 0;
		};
		D671E36D2FBC5AE600BE4984 /* Frameworks */ = {
			isa = PBXFrameworksBuildPhase;
			buildActionMask = 2147483647;
			files = (
			);
			runOnlyForDeploymentPostprocessing = 0;
		};
		D671E3772FBC5AE600BE4984 /* Frameworks */ = {
			isa = PBXFrameworksBuildPhase;
			buildActionMask = 2147483647;
			files = (
			);
			runOnlyForDeploymentPostprocessing = 0;
		};
/* End PBXFrameworksBuildPhase section */

/* Begin PBXGroup section */
		D671E3572FBC5AE300BE4984 = {
			isa = PBXGroup;
			children = (
				D671E3622FBC5AE300BE4984 /* Nextecomgen */,
				D671E3732FBC5AE600BE4984 /* NextecomgenTests */,
				D671E37D2FBC5AE600BE4984 /* NextecomgenUITests */,
				D671E3612FBC5AE300BE4984 /* Products */,
			);
			sourceTree = "<group>";
		};
		D671E3612FBC5AE300BE4984 /* Products */ = {
			isa = PBXGroup;
			children = (
				D671E3602FBC5AE300BE4984 /* Nextecomgen.app */,
				D671E3702FBC5AE600BE4984 /* NextecomgenTests.xctest */,
				D671E37A2FBC5AE600BE4984 /* NextecomgenUITests.xctest */,
			);
			name = Products;
			sourceTree = "<group>";
		};
		D671E3622FBC5AE300BE4984 /* Nextecomgen */ = {
			isa = PBXGroup;
			children = (
				D642126B2FBC647C007EA3A9 /* Info.plist */,
				D671E3632FBC5AE300BE4984 /* NextecomgenApp.swift */,
				D671E3932FBC5BB200BE4984 /* HomeView.swift */,
				D671E3972FBC5BF800BE4984 /* CartView.swift */,
				D6EB56AF2FC416230074C713 /* ContentView.swift */,
				D671E3A12FBC5CE200BE4984 /* CustomTabBar.swift */,
				D671E3952FBC5BD500BE4984 /* SearchView.swift */,
				D671E39D2FBC5C8300BE4984 /* AdminSheetView.swift */,
				D671E3992FBC5C2500BE4984 /* ProfileView.swift */,
				D671E39B2FBC5C4A00BE4984 /* AuthView.swift */,
				D671E38D2FBC5B0D00BE4984 /* Models.swift */,
				D671E39F2FBC5CB000BE4984 /* PaymentGatewayView.swift */,
				D671E38F2FBC5B2B00BE4984 /* ThemeExtensions.swift */,
				D64212692FBC61BB007EA3A9 /* LocalDatabaseManager.swift */,
				D60C64922FBEDBCE0072DC21 /* CheckoutFooterView.swift */,
				D671E3912FBC5B4E00BE4984 /* CartItemCounter.swift */,
				D671E3672FBC5AE600BE4984 /* Assets.xcassets */,
				D671E3692FBC5AE600BE4984 /* Preview Content */,
			);
			path = Nextecomgen;
			sourceTree = "<group>";
		};
		D671E3692FBC5AE600BE4984 /* Preview Content */ = {
			isa = PBXGroup;
			children = (
				D671E36A2FBC5AE600BE4984 /* Preview Assets.xcassets */,
			);
			path = "Preview Content";
			sourceTree = "<group>";
		};
		D671E3732FBC5AE600BE4984 /* NextecomgenTests */ = {
			isa = PBXGroup;
			children = (
				D671E3742FBC5AE600BE4984 /* NextecomgenTests.swift */,
			);
			path = NextecomgenTests;
			sourceTree = "<group>";
		};
		D671E37D2FBC5AE600BE4984 /* NextecomgenUITests */ = {
			isa = PBXGroup;
			children = (
				D671E3802FBC5AE600BE4984 /* NextecomgenUITestsLaunchTests.swift */,
				D671E37E2FBC5AE600BE4984 /* NextecomgenUITests.swift */,
			);
			path = NextecomgenUITests;
			sourceTree = "<group>";
		};
/* End PBXGroup section */

/* Begin PBXNativeTarget section */
		D671E35F2FBC5AE300BE4984 /* Nextecomgen */ = {
			isa = PBXNativeTarget;
			buildConfigurationList = D671E3842FBC5AE600BE4984 /* Build configuration list for PBXNativeTarget "Nextecomgen" */;
			buildPhases = (
				D671E35C2FBC5AE300BE4984 /* Sources */,
				D671E35D2FBC5AE300BE4984 /* Frameworks */,
				D671E35E2FBC5AE300BE4984 /* Resources */,
			);
			buildRules = (
			);
			dependencies = (
			);
			name = Nextecomgen;
			productName = Nextecomgen;
			productReference = D671E3602FBC5AE300BE4984 /* Nextecomgen.app */;
			productType = "com.apple.product-type.application";
		};
		D671E36F2FBC5AE600BE4984 /* NextecomgenTests */ = {
			isa = PBXNativeTarget;
			buildConfigurationList = D671E3872FBC5AE600BE4984 /* Build configuration list for PBXNativeTarget "NextecomgenTests" */;
			buildPhases = (
				D671E36C2FBC5AE600BE4984 /* Sources */,
				D671E36D2FBC5AE600BE4984 /* Frameworks */,
				D671E36E2FBC5AE600BE4984 /* Resources */,
			);
			buildRules = (
			);
			dependencies = (
				D671E3722FBC5AE600BE4984 /* PBXTargetDependency */,
			);
			name = NextecomgenTests;
			productName = NextecomgenTests;
			productReference = D671E3702FBC5AE600BE4984 /* NextecomgenTests.xctest */;
			productType = "com.apple.product-type.bundle.unit-test";
		};
		D671E3792FBC5AE600BE4984 /* NextecomgenUITests */ = {
			isa = PBXNativeTarget;
			buildConfigurationList = D671E38A2FBC5AE600BE4984 /* Build configuration list for PBXNativeTarget "NextecomgenUITests" */;
			buildPhases = (
				D671E3762FBC5AE600BE4984 /* Sources */,
				D671E3772FBC5AE600BE4984 /* Frameworks */,
				D671E3782FBC5AE600BE4984 /* Resources */,
			);
			buildRules = (
			);
			dependencies = (
				D671E37C2FBC5AE600BE4984 /* PBXTargetDependency */,
			);
			name = NextecomgenUITests;
			productName = NextecomgenUITests;
			productReference = D671E37A2FBC5AE600BE4984 /* NextecomgenUITests.xctest */;
			productType = "com.apple.product-type.bundle.ui-testing";
		};
/* End PBXNativeTarget section */

/* Begin PBXProject section */
		D671E3582FBC5AE300BE4984 /* Project object */ = {
			isa = PBXProject;
			attributes = {
				BuildIndependentTargetsInParallel = 1;
				LastSwiftUpdateCheck = 1420;
				LastUpgradeCheck = 1420;
				TargetAttributes = {
					D671E35F2FBC5AE300BE4984 = {
						CreatedOnToolsVersion = 14.2;
					};
					D671E36F2FBC5AE600BE4984 = {
						CreatedOnToolsVersion = 14.2;
						TestTargetID = D671E35F2FBC5AE300BE4984;
					};
					D671E3792FBC5AE600BE4984 = {
						CreatedOnToolsVersion = 14.2;
						TestTargetID = D671E35F2FBC5AE300BE4984;
					};
				};
			};
			buildConfigurationList = D671E35B2FBC5AE300BE4984 /* Build configuration list for PBXProject "Nextecomgen" */;
			compatibilityVersion = "Xcode 14.0";
			developmentRegion = en;
			hasScannedForEncodings = 0;
			knownRegions = (
				en,
				Base,
			);
			mainGroup = D671E3572FBC5AE300BE4984;
			productRefGroup = D671E3612FBC5AE300BE4984 /* Products */;
			projectDirPath = "";
			projectRoot = "";
			targets = (
				D671E35F2FBC5AE300BE4984 /* Nextecomgen */,
				D671E36F2FBC5AE600BE4984 /* NextecomgenTests */,
				D671E3792FBC5AE600BE4984 /* NextecomgenUITests */,
			);
		};
/* End PBXProject section */

/* Begin PBXResourcesBuildPhase section */
		D671E35E2FBC5AE300BE4984 /* Resources */ = {
			isa = PBXResourcesBuildPhase;
			buildActionMask = 2147483647;
			files = (
				D671E36B2FBC5AE600BE4984 /* Preview Assets.xcassets in Resources */,
				D671E3682FBC5AE600BE4984 /* Assets.xcassets in Resources */,
			);
			runOnlyForDeploymentPostprocessing = 0;
		};
		D671E36E2FBC5AE600BE4984 /* Resources */ = {
			isa = PBXResourcesBuildPhase;
			buildActionMask = 2147483647;
			files = (
			);
			runOnlyForDeploymentPostprocessing = 0;
		};
		D671E3782FBC5AE600BE4984 /* Resources */ = {
			isa = PBXResourcesBuildPhase;
			buildActionMask = 2147483647;
			files = (
			);
			runOnlyForDeploymentPostprocessing = 0;
		};
/* End PBXResourcesBuildPhase section */

/* Begin PBXSourcesBuildPhase section */
		D671E35C2FBC5AE300BE4984 /* Sources */ = {
			isa = PBXSourcesBuildPhase;
			buildActionMask = 2147483647;
			files = (
				D642126A2FBC61BB007EA3A9 /* LocalDatabaseManager.swift in Sources */,
				D671E38E2FBC5B0D00BE4984 /* Models.swift in Sources */,
				D64212682FBC6061007EA3A9 /* ProfileView.swift in Sources */,
				D60C64932FBEDBCE0072DC21 /* CheckoutFooterView.swift in Sources */,
				D671E3642FBC5AE300BE4984 /* NextecomgenApp.swift in Sources */,
				D671E3962FBC5BD500BE4984 /* SearchView.swift in Sources */,
				D64212672FBC605F007EA3A9 /* CustomTabBar.swift in Sources */,
				D64212662FBC605C007EA3A9 /* AdminSheetView.swift in Sources */,
				D671E3942FBC5BB200BE4984 /* HomeView.swift in Sources */,
				D671E3922FBC5B4E00BE4984 /* CartItemCounter.swift in Sources */,
				D64212652FBC6059007EA3A9 /* AuthView.swift in Sources */,
				D6EB56B02FC416230074C713 /* ContentView.swift in Sources */,
				D64212632FBC6048007EA3A9 /* CartView.swift in Sources */,
				D671E3902FBC5B2B00BE4984 /* ThemeExtensions.swift in Sources */,
				D64212642FBC6052007EA3A9 /* PaymentGatewayView.swift in Sources */,
			);
			runOnlyForDeploymentPostprocessing = 0;
		};
		D671E36C2FBC5AE600BE4984 /* Sources */ = {
			isa = PBXSourcesBuildPhase;
			buildActionMask = 2147483647;
			files = (
				D671E3752FBC5AE600BE4984 /* NextecomgenTests.swift in Sources */,
			);
			runOnlyForDeploymentPostprocessing = 0;
		};
		D671E3762FBC5AE600BE4984 /* Sources */ = {
			isa = PBXSourcesBuildPhase;
			buildActionMask = 2147483647;
			files = (
				D671E3812FBC5AE600BE4984 /* NextecomgenUITestsLaunchTests.swift in Sources */,
				D671E37F2FBC5AE600BE4984 /* NextecomgenUITests.swift in Sources */,
			);
			runOnlyForDeploymentPostprocessing = 0;
		};
/* End PBXSourcesBuildPhase section */

/* Begin PBXTargetDependency section */
		D671E3722FBC5AE600BE4984 /* PBXTargetDependency */ = {
			isa = PBXTargetDependency;
			target = D671E35F2FBC5AE300BE4984 /* Nextecomgen */;
			targetProxy = D671E3712FBC5AE600BE4984 /* PBXContainerItemProxy */;
		};
		D671E37C2FBC5AE600BE4984 /* PBXTargetDependency */ = {
			isa = PBXTargetDependency;
			target = D671E35F2FBC5AE300BE4984 /* Nextecomgen */;
			targetProxy = D671E37B2FBC5AE600BE4984 /* PBXContainerItemProxy */;
		};
/* End PBXTargetDependency section */

/* Begin XCBuildConfiguration section */
		D671E3822FBC5AE600BE4984 /* Debug */ = {
			isa = XCBuildConfiguration;
			buildSettings = {
				ALWAYS_SEARCH_USER_PATHS = NO;
				CLANG_ANALYZER_NONNULL = YES;
				CLANG_ANALYZER_NUMBER_OBJECT_CONVERSION = YES_AGGRESSIVE;
				CLANG_CXX_LANGUAGE_STANDARD = "gnu++20";
				CLANG_ENABLE_MODULES = YES;
				CLANG_ENABLE_OBJC_ARC = YES;
				CLANG_ENABLE_OBJC_WEAK = YES;
				CLANG_WARN_BLOCK_CAPTURE_AUTORELEASING = YES;
				CLANG_WARN_BOOL_CONVERSION = YES;
				CLANG_WARN_COMMA = YES;
				CLANG_WARN_CONSTANT_CONVERSION = YES;
				CLANG_WARN_DEPRECATED_OBJC_IMPLEMENTATIONS = YES;
				CLANG_WARN_DIRECT_OBJC_ISA_USAGE = YES_ERROR;
				CLANG_WARN_DOCUMENTATION_COMMENTS = YES;
				CLANG_WARN_EMPTY_BODY = YES;
				CLANG_WARN_ENUM_CONVERSION = YES;
				CLANG_WARN_INFINITE_RECURSION = YES;
				CLANG_WARN_INT_CONVERSION = YES;
				CLANG_WARN_NON_LITERAL_NULL_CONVERSION = YES;
				CLANG_WARN_OBJC_IMPLICIT_RETAIN_SELF = YES;
				CLANG_WARN_OBJC_LITERAL_CONVERSION = YES;
				CLANG_WARN_OBJC_ROOT_CLASS = YES_ERROR;
				CLANG_WARN_QUOTED_INCLUDE_IN_FRAMEWORK_HEADER = YES;
				CLANG_WARN_RANGE_LOOP_ANALYSIS = YES;
				CLANG_WARN_STRICT_PROTOTYPES = YES;
				CLANG_WARN_SUSPICIOUS_MOVE = YES;
				CLANG_WARN_UNGUARDED_AVAILABILITY = YES_AGGRESSIVE;
				CLANG_WARN_UNREACHABLE_CODE = YES;
				CLANG_WARN__DUPLICATE_METHOD_MATCH = YES;
				COPY_PHASE_STRIP = NO;
				DEBUG_INFORMATION_FORMAT = dwarf;
				ENABLE_STRICT_OBJC_MSGSEND = YES;
				ENABLE_TESTABILITY = YES;
				GCC_C_LANGUAGE_STANDARD = gnu11;
				GCC_DYNAMIC_NO_PIC = NO;
				GCC_NO_COMMON_BLOCKS = YES;
				GCC_OPTIMIZATION_LEVEL = 0;
				GCC_PREPROCESSOR_DEFINITIONS = (
					"DEBUG=1",
					"$(inherited)",
				);
				GCC_WARN_64_TO_32_BIT_CONVERSION = YES;
				GCC_WARN_ABOUT_RETURN_TYPE = YES_ERROR;
				GCC_WARN_UNDECLARED_SELECTOR = YES;
				GCC_WARN_UNINITIALIZED_AUTOS = YES_AGGRESSIVE;
				GCC_WARN_UNUSED_FUNCTION = YES;
				GCC_WARN_UNUSED_VARIABLE = YES;
				IPHONEOS_DEPLOYMENT_TARGET = 16.2;
				MTL_ENABLE_DEBUG_INFO = INCLUDE_SOURCE;
				MTL_FAST_MATH = YES;
				ONLY_ACTIVE_ARCH = YES;
				SDKROOT = iphoneos;
				SWIFT_ACTIVE_COMPILATION_CONDITIONS = DEBUG;
				SWIFT_OPTIMIZATION_LEVEL = "-Onone";
			};
			name = Debug;
		};
		D671E3832FBC5AE600BE4984 /* Release */ = {
			isa = XCBuildConfiguration;
			buildSettings = {
				ALWAYS_SEARCH_USER_PATHS = NO;
				CLANG_ANALYZER_NONNULL = YES;
				CLANG_ANALYZER_NUMBER_OBJECT_CONVERSION = YES_AGGRESSIVE;
				CLANG_CXX_LANGUAGE_STANDARD = "gnu++20";
				CLANG_ENABLE_MODULES = YES;
				CLANG_ENABLE_OBJC_ARC = YES;
				CLANG_ENABLE_OBJC_WEAK = YES;
				CLANG_WARN_BLOCK_CAPTURE_AUTORELEASING = YES;
				CLANG_WARN_BOOL_CONVERSION = YES;
				CLANG_WARN_COMMA = YES;
				CLANG_WARN_CONSTANT_CONVERSION = YES;
				CLANG_WARN_DEPRECATED_OBJC_IMPLEMENTATIONS = YES;
				CLANG_WARN_DIRECT_OBJC_ISA_USAGE = YES_ERROR;
				CLANG_WARN_DOCUMENTATION_COMMENTS = YES;
				CLANG_WARN_EMPTY_BODY = YES;
				CLANG_WARN_ENUM_CONVERSION = YES;
				CLANG_WARN_INFINITE_RECURSION = YES;
				CLANG_WARN_INT_CONVERSION = YES;
				CLANG_WARN_NON_LITERAL_NULL_CONVERSION = YES;
				CLANG_WARN_OBJC_IMPLICIT_RETAIN_SELF = YES;
				CLANG_WARN_OBJC_LITERAL_CONVERSION = YES;
				CLANG_WARN_OBJC_ROOT_CLASS = YES_ERROR;
				CLANG_WARN_QUOTED_INCLUDE_IN_FRAMEWORK_HEADER = YES;
				CLANG_WARN_RANGE_LOOP_ANALYSIS = YES;
				CLANG_WARN_STRICT_PROTOTYPES = YES;
				CLANG_WARN_SUSPICIOUS_MOVE = YES;
				CLANG_WARN_UNGUARDED_AVAILABILITY = YES_AGGRESSIVE;
				CLANG_WARN_UNREACHABLE_CODE = YES;
				CLANG_WARN__DUPLICATE_METHOD_MATCH = YES;
				COPY_PHASE_STRIP = NO;
				DEBUG_INFORMATION_FORMAT = "dwarf-with-dsym";
				ENABLE_NS_ASSERTIONS = NO;
				ENABLE_STRICT_OBJC_MSGSEND = YES;
				GCC_C_LANGUAGE_STANDARD = gnu11;
				GCC_NO_COMMON_BLOCKS = YES;
				GCC_WARN_64_TO_32_BIT_CONVERSION = YES;
				GCC_WARN_ABOUT_RETURN_TYPE = YES_ERROR;
				GCC_WARN_UNDECLARED_SELECTOR = YES;
				GCC_WARN_UNINITIALIZED_AUTOS = YES_AGGRESSIVE;
				GCC_WARN_UNUSED_FUNCTION = YES;
				GCC_WARN_UNUSED_VARIABLE = YES;
				IPHONEOS_DEPLOYMENT_TARGET = 16.2;
				MTL_ENABLE_DEBUG_INFO = NO;
				MTL_FAST_MATH = YES;
				SDKROOT = iphoneos;
				SWIFT_COMPILATION_MODE = wholemodule;
				SWIFT_OPTIMIZATION_LEVEL = "-O";
				VALIDATE_PRODUCT = YES;
			};
			name = Release;
		};
		D671E3852FBC5AE600BE4984 /* Debug */ = {
			isa = XCBuildConfiguration;
			buildSettings = {
				ASSETCATALOG_COMPILER_APPICON_NAME = AppIcon;
				ASSETCATALOG_COMPILER_GLOBAL_ACCENT_COLOR_NAME = AccentColor;
				CODE_SIGN_STYLE = Automatic;
				CURRENT_PROJECT_VERSION = 1;
				DEVELOPMENT_ASSET_PATHS = "\"Nextecomgen/Preview Content\"";
				ENABLE_PREVIEWS = YES;
				GENERATE_INFOPLIST_FILE = YES;
				INFOPLIST_FILE = Nextecomgen/Info.plist;
				INFOPLIST_KEY_CFBundleDisplayName = NextEcomGen;
				INFOPLIST_KEY_UIApplicationSceneManifest_Generation = YES;
				INFOPLIST_KEY_UIApplicationSupportsIndirectInputEvents = YES;
				INFOPLIST_KEY_UISupportedInterfaceOrientations_iPad = "UIInterfaceOrientationPortrait UIInterfaceOrientationPortraitUpsideDown UIInterfaceOrientationLandscapeLeft UIInterfaceOrientationLandscapeRight";
				INFOPLIST_KEY_UISupportedInterfaceOrientations_iPhone = "UIInterfaceOrientationPortrait UIInterfaceOrientationLandscapeLeft UIInterfaceOrientationLandscapeRight";
				LD_RUNPATH_SEARCH_PATHS = (
					"$(inherited)",
					"@executable_path/Frameworks",
				);
				MARKETING_VERSION = 1.0;
				PRODUCT_BUNDLE_IDENTIFIER = Apple.Nextecomgen;
				PRODUCT_NAME = "$(TARGET_NAME)";
				SWIFT_EMIT_LOC_STRINGS = YES;
				SWIFT_VERSION = 5.0;
				TARGETED_DEVICE_FAMILY = "1,2";
			};
			name = Debug;
		};
		D671E3862FBC5AE600BE4984 /* Release */ = {
			isa = XCBuildConfiguration;
			buildSettings = {
				ASSETCATALOG_COMPILER_APPICON_NAME = AppIcon;
				ASSETCATALOG_COMPILER_GLOBAL_ACCENT_COLOR_NAME = AccentColor;
				CODE_SIGN_STYLE = Automatic;
				CURRENT_PROJECT_VERSION = 1;
				DEVELOPMENT_ASSET_PATHS = "\"Nextecomgen/Preview Content\"";
				ENABLE_PREVIEWS = YES;
				GENERATE_INFOPLIST_FILE = YES;
				INFOPLIST_FILE = Nextecomgen/Info.plist;
				INFOPLIST_KEY_CFBundleDisplayName = NextEcomGen;
				INFOPLIST_KEY_UIApplicationSceneManifest_Generation = YES;
				INFOPLIST_KEY_UIApplicationSupportsIndirectInputEvents = YES;
				INFOPLIST_KEY_UISupportedInterfaceOrientations_iPad = "UIInterfaceOrientationPortrait UIInterfaceOrientationPortraitUpsideDown UIInterfaceOrientationLandscapeLeft UIInterfaceOrientationLandscapeRight";
				INFOPLIST_KEY_UISupportedInterfaceOrientations_iPhone = "UIInterfaceOrientationPortrait UIInterfaceOrientationLandscapeLeft UIInterfaceOrientationLandscapeRight";
				LD_RUNPATH_SEARCH_PATHS = (
					"$(inherited)",
					"@executable_path/Frameworks",
				);
				MARKETING_VERSION = 1.0;
				PRODUCT_BUNDLE_IDENTIFIER = Apple.Nextecomgen;
				PRODUCT_NAME = "$(TARGET_NAME)";
				SWIFT_EMIT_LOC_STRINGS = YES;
				SWIFT_VERSION = 5.0;
				TARGETED_DEVICE_FAMILY = "1,2";
			};
			name = Release;
		};
		D671E3882FBC5AE600BE4984 /* Debug */ = {
			isa = XCBuildConfiguration;
			buildSettings = {
				ALWAYS_EMBED_SWIFT_STANDARD_LIBRARIES = YES;
				BUNDLE_LOADER = "$(TEST_HOST)";
				CODE_SIGN_STYLE = Automatic;
				CURRENT_PROJECT_VERSION = 1;
				GENERATE_INFOPLIST_FILE = YES;
				IPHONEOS_DEPLOYMENT_TARGET = 16.2;
				MARKETING_VERSION = 1.0;
				PRODUCT_BUNDLE_IDENTIFIER = Apple.NextecomgenTests;
				PRODUCT_NAME = "$(TARGET_NAME)";
				SWIFT_EMIT_LOC_STRINGS = NO;
				SWIFT_VERSION = 5.0;
				TARGETED_DEVICE_FAMILY = "1,2";
				TEST_HOST = "$(BUILT_PRODUCTS_DIR)/Nextecomgen.app/$(BUNDLE_EXECUTABLE_FOLDER_PATH)/Nextecomgen";
			};
			name = Debug;
		};
		D671E3892FBC5AE600BE4984 /* Release */ = {
			isa = XCBuildConfiguration;
			buildSettings = {
				ALWAYS_EMBED_SWIFT_STANDARD_LIBRARIES = YES;
				BUNDLE_LOADER = "$(TEST_HOST)";
				CODE_SIGN_STYLE = Automatic;
				CURRENT_PROJECT_VERSION = 1;
				GENERATE_INFOPLIST_FILE = YES;
				IPHONEOS_DEPLOYMENT_TARGET = 16.2;
				MARKETING_VERSION = 1.0;
				PRODUCT_BUNDLE_IDENTIFIER = Apple.NextecomgenTests;
				PRODUCT_NAME = "$(TARGET_NAME)";
				SWIFT_EMIT_LOC_STRINGS = NO;
				SWIFT_VERSION = 5.0;
				TARGETED_DEVICE_FAMILY = "1,2";
				TEST_HOST = "$(BUILT_PRODUCTS_DIR)/Nextecomgen.app/$(BUNDLE_EXECUTABLE_FOLDER_PATH)/Nextecomgen";
			};
			name = Release;
		};
		D671E38B2FBC5AE600BE4984 /* Debug */ = {
			isa = XCBuildConfiguration;
			buildSettings = {
				ALWAYS_EMBED_SWIFT_STANDARD_LIBRARIES = YES;
				CODE_SIGN_STYLE = Automatic;
				CURRENT_PROJECT_VERSION = 1;
				GENERATE_INFOPLIST_FILE = YES;
				MARKETING_VERSION = 1.0;
				PRODUCT_BUNDLE_IDENTIFIER = Apple.NextecomgenUITests;
				PRODUCT_NAME = "$(TARGET_NAME)";
				SWIFT_EMIT_LOC_STRINGS = NO;
				SWIFT_VERSION = 5.0;
				TARGETED_DEVICE_FAMILY = "1,2";
				TEST_TARGET_NAME = Nextecomgen;
			};
			name = Debug;
		};
		D671E38C2FBC5AE600BE4984 /* Release */ = {
			isa = XCBuildConfiguration;
			buildSettings = {
				ALWAYS_EMBED_SWIFT_STANDARD_LIBRARIES = YES;
				CODE_SIGN_STYLE = Automatic;
				CURRENT_PROJECT_VERSION = 1;
				GENERATE_INFOPLIST_FILE = YES;
				MARKETING_VERSION = 1.0;
				PRODUCT_BUNDLE_IDENTIFIER = Apple.NextecomgenUITests;
				PRODUCT_NAME = "$(TARGET_NAME)";
				SWIFT_EMIT_LOC_STRINGS = NO;
				SWIFT_VERSION = 5.0;
				TARGETED_DEVICE_FAMILY = "1,2";
				TEST_TARGET_NAME = Nextecomgen;
			};
			name = Release;
		};
/* End XCBuildConfiguration section */

/* Begin XCConfigurationList section */
		D671E35B2FBC5AE300BE4984 /* Build configuration list for PBXProject "Nextecomgen" */ = {
			isa = XCConfigurationList;
			buildConfigurations = (
				D671E3822FBC5AE600BE4984 /* Debug */,
				D671E3832FBC5AE600BE4984 /* Release */,
			);
			defaultConfigurationIsVisible = 0;
			defaultConfigurationName = Release;
		};
		D671E3842FBC5AE600BE4984 /* Build configuration list for PBXNativeTarget "Nextecomgen" */ = {
			isa = XCConfigurationList;
			buildConfigurations = (
				D671E3852FBC5AE600BE4984 /* Debug */,
				D671E3862FBC5AE600BE4984 /* Release */,
			);
			defaultConfigurationIsVisible = 0;
			defaultConfigurationName = Release;
		};
		D671E3872FBC5AE600BE4984 /* Build configuration list for PBXNativeTarget "NextecomgenTests" */ = {
			isa = XCConfigurationList;
			buildConfigurations = (
				D671E3882FBC5AE600BE4984 /* Debug */,
				D671E3892FBC5AE600BE4984 /* Release */,
			);
			defaultConfigurationIsVisible = 0;
			defaultConfigurationName = Release;
		};
		D671E38A2FBC5AE600BE4984 /* Build configuration list for PBXNativeTarget "NextecomgenUITests" */ = {
			isa = XCConfigurationList;
			buildConfigurations = (
				D671E38B2FBC5AE600BE4984 /* Debug */,
				D671E38C2FBC5AE600BE4984 /* Release */,
			);
			defaultConfigurationIsVisible = 0;
			defaultConfigurationName = Release;
		};
/* End XCConfigurationList section */
	};
	rootObject = D671E3582FBC5AE300BE4984 /* Project object */;
}
